GEM
  remote: https://rubygems.org/
  specs:
    concurrent-ruby (1.2.2)
    i18n (1.14.1)
      concurrent-ruby (~> 1.0)
    minitest (5.19.0)
    tzinfo (2.0.6)
      concurrent-ruby (~> 1.0)
    zeitwerk (2.6.11)

PLATFORMS
  ruby
  x86_64-darwin-22

DEPENDENCIES
  i18n
  minitest
  tzinfo
  zeitwerk

BUNDLED WITH
   2.4.13
